schema: '2.0'
stages:
  data_ingestion:
    cmd: python src/data_ingestion.py
    deps:
    - path: src/data_ingestion.py
      hash: md5
      md5: 1286634cbc33844a7ef8f0249c0ffdd8
      size: 4162
    outs:
    - path: data/raw
      hash: md5
      md5: 6a4d11ab83c20d7412f4696595c0b4d1.dir
      size: 479272
      nfiles: 2
  data_preprocessing:
    cmd: python src/data_preprocessing.py
    deps:
    - path: data/raw
      hash: md5
      md5: 6a4d11ab83c20d7412f4696595c0b4d1.dir
      size: 479272
      nfiles: 2
    - path: src/data_preprocessing.py
      hash: md5
      md5: 287b280d3de1a11fb219b0fab222279b
      size: 3935
    outs:
    - path: data/interim
      hash: md5
      md5: d3f80ea917209a657caed01201ee2780.dir
      size: 254818
      nfiles: 2
  feature_engineering:
    cmd: python src/feature_engineering.py
    deps:
    - path: data/interim
      hash: md5
      md5: d3f80ea917209a657caed01201ee2780.dir
      size: 254818
      nfiles: 2
    - path: src/feature_engineering.py
      hash: md5
      md5: 4a13ddfdb0e368c7069eabe32de711a5
      size: 3797
    outs:
    - path: data/processed
      hash: md5
      md5: 6f393d613e1ef6777f08947b3ebd8e7e.dir
      size: 829484
      nfiles: 2
  model_building:
    cmd: python src/model_building.py
    deps:
    - path: data/processed
      hash: md5
      md5: 6f393d613e1ef6777f08947b3ebd8e7e.dir
      size: 829484
      nfiles: 2
    - path: src/model_building.py
      hash: md5
      md5: 31957e6594d676009532ff55db08aade
      size: 4299
    outs:
    - path: models/model.pkl
      hash: md5
      md5: 1b932a8c9a06866aadbf4c8606d2bcd6
      size: 814480
  model_evaluation:
    cmd: python src/model_evaluation.py
    deps:
    - path: models/model.pkl
      hash: md5
      md5: 1b932a8c9a06866aadbf4c8606d2bcd6
      size: 814480
    - path: src/model_evaluation.py
      hash: md5
      md5: 2a4d141872d2441f811130943c1941bf
      size: 4497
    outs:
    - path: reports/metrics.json
      hash: md5
      md5: dea671ee133b91edfa88c0c664f002f3
      size: 139
