schema: '2.0'
stages:
  data_ingestion:
    cmd: python src/data_ingestion.py
    deps:
    - path: src/data_ingestion.py
      hash: md5
      md5: 066ba1e56d6a5740f80939eee87be9b9
      size: 4165
    outs:
    - path: data/raw
      hash: md5
      md5: 6a4d11ab83c20d7412f4696595c0b4d1.dir
      size: 479272
      nfiles: 2
  data_preprocessing:
    cmd: python src/data_preprocessing.py
    deps:
    - path: data/raw
      hash: md5
      md5: 6a4d11ab83c20d7412f4696595c0b4d1.dir
      size: 479272
      nfiles: 2
    - path: src/data_preprocessing.py
      hash: md5
      md5: 287b280d3de1a11fb219b0fab222279b
      size: 3935
    outs:
    - path: data/interim
      hash: md5
      md5: d3f80ea917209a657caed01201ee2780.dir
      size: 254818
      nfiles: 2
  feature_engineering:
    cmd: python src/feature_engineering.py
    deps:
    - path: data/interim
      hash: md5
      md5: d3f80ea917209a657caed01201ee2780.dir
      size: 254818
      nfiles: 2
    - path: src/feature_engineering.py
      hash: md5
      md5: 403a776e203fd817f5a2eb3064b77acc
      size: 3799
    outs:
    - path: data/processed
      hash: md5
      md5: 32f834201e1ba3ad9fd18c074659c863.dir
      size: 1174770
      nfiles: 2
  model_building:
    cmd: python src/model_building.py
    deps:
    - path: data/processed
      hash: md5
      md5: 32f834201e1ba3ad9fd18c074659c863.dir
      size: 1174770
      nfiles: 2
    - path: src/model_building.py
      hash: md5
      md5: 5bdd618d900b7aca8dfcee2523bbee2d
      size: 4306
    outs:
    - path: models/model.pkl
      hash: md5
      md5: 8523fee740d9f1ddd98058f1b5f2467c
      size: 998489
  model_evaluation:
    cmd: python src/model_evaluation.py
    deps:
    - path: models/model.pkl
      hash: md5
      md5: 8523fee740d9f1ddd98058f1b5f2467c
      size: 998489
    - path: src/model_evaluation.py
      hash: md5
      md5: 79a2de6a382cd3fe482f587f1d9429a9
      size: 4511
    outs:
    - path: reports/metrics.json
      hash: md5
      md5: b5787b27ec5636c84a4468953782b599
      size: 140
